
Microsoft Visual Studio Solution File, Format Version 12.00
# Visual Studio Version 17
VisualStudioVersion = 17.4.33213.308
MinimumVisualStudioVersion = 10.0.40219.1
Project("{9A19103F-16F7-4668-BE54-9A1E7A4F7556}") = "UnitTest", "UnitTest\UnitTest.csproj", "{A2D4C9CF-7275-48C0-9234-33777CA3FC7A}"
EndProject
Project("{9A19103F-16F7-4668-BE54-9A1E7A4F7556}") = "Server.Game", "..\Busineness\Server.Game\Server.Game.csproj", "{26892694-2DE5-4D42-9C45-492E10328A11}"
EndProject
Project("{9A19103F-16F7-4668-BE54-9A1E7A4F7556}") = "Benchmark", "Benchmark\Benchmark.csproj", "{D057BE16-9748-4428-BE84-EA4161DFD896}"
EndProject
Global
	GlobalSection(SolutionConfigurationPlatforms) = preSolution
		Debug|Any CPU = Debug|Any CPU
		Release|Any CPU = Release|Any CPU
	EndGlobalSection
	GlobalSection(ProjectConfigurationPlatforms) = postSolution
		{A2D4C9CF-7275-48C0-9234-33777CA3FC7A}.Debug|Any CPU.ActiveCfg = Debug|Any CPU
		{A2D4C9CF-7275-48C0-9234-33777CA3FC7A}.Debug|Any CPU.Build.0 = Debug|Any CPU
		{A2D4C9CF-7275-48C0-9234-33777CA3FC7A}.Release|Any CPU.ActiveCfg = Release|Any CPU
		{A2D4C9CF-7275-48C0-9234-33777CA3FC7A}.Release|Any CPU.Build.0 = Release|Any CPU
		{26892694-2DE5-4D42-9C45-492E10328A11}.Debug|Any CPU.ActiveCfg = Debug|Any CPU
		{26892694-2DE5-4D42-9C45-492E10328A11}.Debug|Any CPU.Build.0 = Debug|Any CPU
		{26892694-2DE5-4D42-9C45-492E10328A11}.Release|Any CPU.ActiveCfg = Release|Any CPU
		{26892694-2DE5-4D42-9C45-492E10328A11}.Release|Any CPU.Build.0 = Release|Any CPU
		{D057BE16-9748-4428-BE84-EA4161DFD896}.Debug|Any CPU.ActiveCfg = Debug|Any CPU
		{D057BE16-9748-4428-BE84-EA4161DFD896}.Debug|Any CPU.Build.0 = Debug|Any CPU
		{D057BE16-9748-4428-BE84-EA4161DFD896}.Release|Any CPU.ActiveCfg = Release|Any CPU
		{D057BE16-9748-4428-BE84-EA4161DFD896}.Release|Any CPU.Build.0 = Release|Any CPU
	EndGlobalSection
	GlobalSection(SolutionProperties) = preSolution
		HideSolutionNode = FALSE
	EndGlobalSection
	GlobalSection(ExtensibilityGlobals) = postSolution
		SolutionGuid = {9A616741-8F79-46B4-AD13-F8D6666D02A0}
	EndGlobalSection
EndGlobal
